
Microsoft Visual Studio Solution File, Format Version 12.00
# Visual Studio Version 16
VisualStudioVersion = 16.0.31613.86
MinimumVisualStudioVersion = 10.0.40219.1
Project("{FAE04EC0-301F-11D3-BF4B-00C04F79EFBC}") = "exam", "exam\exam.csproj", "{C2FBF3C9-3AFD-4C4A-AE6B-D09750FC0DDF}"
EndProject
Global
	GlobalSection(SolutionConfigurationPlatforms) = preSolution
		Debug|Any CPU = Debug|Any CPU
		Release|Any CPU = Release|Any CPU
	EndGlobalSection
	GlobalSection(ProjectConfigurationPlatforms) = postSolution
		{C2FBF3C9-3AFD-4C4A-AE6B-D09750FC0DDF}.Debug|Any CPU.ActiveCfg = Debug|Any CPU
		{C2FBF3C9-3AFD-4C4A-AE6B-D09750FC0DDF}.Debug|Any CPU.Build.0 = Debug|Any CPU
		{C2FBF3C9-3AFD-4C4A-AE6B-D09750FC0DDF}.Release|Any CPU.ActiveCfg = Release|Any CPU
		{C2FBF3C9-3AFD-4C4A-AE6B-D09750FC0DDF}.Release|Any CPU.Build.0 = Release|Any CPU
	EndGlobalSection
	GlobalSection(SolutionProperties) = preSolution
		HideSolutionNode = FALSE
	EndGlobalSection
	GlobalSection(ExtensibilityGlobals) = postSolution
		SolutionGuid = {755360A2-0A0D-4AFE-A8F4-EF622AEF1E7F}
	EndGlobalSection
EndGlobal
